// !$*UTF8*$!
{
	archiveVersion = 1;
	classes = {
	};
	objectVersion = 55;
	objects = {

/* Begin PBXBuildFile section */
		2B18A64628433250009974A9 /* _654_最大二叉树.swift in Sources */ = {isa = PBXBuildFile; fileRef = 2B18A64528433250009974A9 /* _654_最大二叉树.swift */; };
		2B18A6492844A2C4009974A9 /* _155_最小栈.swift in Sources */ = {isa = PBXBuildFile; fileRef = 2B18A6482844A2C4009974A9 /* _155_最小栈.swift */; };
		2B3EEEE528465A7A007CDF9B /* _剑指_Offer_II_079_所有子集.swift in Sources */ = {isa = PBXBuildFile; fileRef = 2B3EEEE428465A7A007CDF9B /* _剑指_Offer_II_079_所有子集.swift */; };
		2B3EEEE728465A9E007CDF9B /* _503_下一个更大元素2.swift in Sources */ = {isa = PBXBuildFile; fileRef = 2B3EEEE628465A9E007CDF9B /* _503_下一个更大元素2.swift */; };
		2B3EEEEA28465ACB007CDF9B /* _496_下一个更大元素.swift in Sources */ = {isa = PBXBuildFile; fileRef = 2B3EEEE928465ACB007CDF9B /* _496_下一个更大元素.swift */; };
		2B3EEEEC28465B0E007CDF9B /* _739_每日温度 .swift in Sources */ = {isa = PBXBuildFile; fileRef = 2B3EEEEB28465B0E007CDF9B /* _739_每日温度 .swift */; };
		2B3EEEEE28465B54007CDF9B /* _剑指Offer_07_重建二叉树.swift in Sources */ = {isa = PBXBuildFile; fileRef = 2B3EEEED28465B54007CDF9B /* _剑指Offer_07_重建二叉树.swift */; };
		2B3EEEF028465B75007CDF9B /* _102_二叉树的层序遍历.swift in Sources */ = {isa = PBXBuildFile; fileRef = 2B3EEEEF28465B75007CDF9B /* _102_二叉树的层序遍历.swift */; };
		2B3EEEF228465BBF007CDF9B /* _234_回文链表.swift in Sources */ = {isa = PBXBuildFile; fileRef = 2B3EEEF128465BBF007CDF9B /* _234_回文链表.swift */; };
		2B3EEEF428465BE7007CDF9B /* _86_分隔链表.swift in Sources */ = {isa = PBXBuildFile; fileRef = 2B3EEEF328465BE7007CDF9B /* _86_分隔链表.swift */; };
		2B3EEEF628465C00007CDF9B /* _160_相交链表.swift in Sources */ = {isa = PBXBuildFile; fileRef = 2B3EEEF528465C00007CDF9B /* _160_相交链表.swift */; };
		2B3EEEFF28465C9F007CDF9B /* TestDemo.swift in Sources */ = {isa = PBXBuildFile; fileRef = 2B3EEEFE28465C9F007CDF9B /* TestDemo.swift */; };
		2B9E375128470170008BC3F8 /* _239_滑动窗口最大值.swift in Sources */ = {isa = PBXBuildFile; fileRef = 2B9E375028470170008BC3F8 /* _239_滑动窗口最大值.swift */; };
		2B9E3754284712E0008BC3F8 /* _面试题_01_09_字符串轮转.swift in Sources */ = {isa = PBXBuildFile; fileRef = 2B9E3753284712E0008BC3F8 /* _面试题_01_09_字符串轮转.swift */; };
		2B9E375628471649008BC3F8 /* _572_另一棵树的子树.swift in Sources */ = {isa = PBXBuildFile; fileRef = 2B9E375528471649008BC3F8 /* _572_另一棵树的子树.swift */; };
		2B9E375728484C3A008BC3F8 /* _739_每日温度 .swift in Sources */ = {isa = PBXBuildFile; fileRef = 2B3EEEEB28465B0E007CDF9B /* _739_每日温度 .swift */; };
		2B9E375828484CE4008BC3F8 /* _面试题_01_09_字符串轮转.swift in Sources */ = {isa = PBXBuildFile; fileRef = 2B9E3753284712E0008BC3F8 /* _面试题_01_09_字符串轮转.swift */; };
		2B9E375928484CE4008BC3F8 /* _剑指_Offer_II_079_所有子集.swift in Sources */ = {isa = PBXBuildFile; fileRef = 2B3EEEE428465A7A007CDF9B /* _剑指_Offer_II_079_所有子集.swift */; };
		2B9E375A28484CE4008BC3F8 /* _239_滑动窗口最大值.swift in Sources */ = {isa = PBXBuildFile; fileRef = 2B9E375028470170008BC3F8 /* _239_滑动窗口最大值.swift */; };
		2B9E375B28484CE4008BC3F8 /* _155_最小栈.swift in Sources */ = {isa = PBXBuildFile; fileRef = 2B18A6482844A2C4009974A9 /* _155_最小栈.swift */; };
		2B9E375C28484CE4008BC3F8 /* _503_下一个更大元素2.swift in Sources */ = {isa = PBXBuildFile; fileRef = 2B3EEEE628465A9E007CDF9B /* _503_下一个更大元素2.swift */; };
		2B9E375D28484CE4008BC3F8 /* _496_下一个更大元素.swift in Sources */ = {isa = PBXBuildFile; fileRef = 2B3EEEE928465ACB007CDF9B /* _496_下一个更大元素.swift */; };
		2B9E375E28484CE4008BC3F8 /* _654_最大二叉树.swift in Sources */ = {isa = PBXBuildFile; fileRef = 2B18A64528433250009974A9 /* _654_最大二叉树.swift */; };
		2B9E375F28484CE4008BC3F8 /* _剑指Offer_07_重建二叉树.swift in Sources */ = {isa = PBXBuildFile; fileRef = 2B3EEEED28465B54007CDF9B /* _剑指Offer_07_重建二叉树.swift */; };
		2B9E376028484CE4008BC3F8 /* _102_二叉树的层序遍历.swift in Sources */ = {isa = PBXBuildFile; fileRef = 2B3EEEEF28465B75007CDF9B /* _102_二叉树的层序遍历.swift */; };
		2B9E376128484CE4008BC3F8 /* _572_另一棵树的子树.swift in Sources */ = {isa = PBXBuildFile; fileRef = 2B9E375528471649008BC3F8 /* _572_另一棵树的子树.swift */; };
		2B9E376228484CE4008BC3F8 /* 131_分割回文串.swift in Sources */ = {isa = PBXBuildFile; fileRef = 2BF730E42834D9C500DB9082 /* 131_分割回文串.swift */; };
		2B9E376328484CE4008BC3F8 /* _203_移除链表元素.swift in Sources */ = {isa = PBXBuildFile; fileRef = 2BDD7E34283CCB700045825E /* _203_移除链表元素.swift */; };
		2B9E376428484CE4008BC3F8 /* _160_相交链表.swift in Sources */ = {isa = PBXBuildFile; fileRef = 2B3EEEF528465C00007CDF9B /* _160_相交链表.swift */; };
		2B9E376528484CE4008BC3F8 /* _234_回文链表.swift in Sources */ = {isa = PBXBuildFile; fileRef = 2B3EEEF128465BBF007CDF9B /* _234_回文链表.swift */; };
		2B9E376628484CE4008BC3F8 /* _86_分隔链表.swift in Sources */ = {isa = PBXBuildFile; fileRef = 2B3EEEF328465BE7007CDF9B /* _86_分隔链表.swift */; };
		2B9E376728484CE4008BC3F8 /* _75_颜色分类.swift in Sources */ = {isa = PBXBuildFile; fileRef = 2BDD7DDF283C83AF0045825E /* _75_颜色分类.swift */; };
		2B9E376828484CE4008BC3F8 /* _面试题16_16_部分排序.swift in Sources */ = {isa = PBXBuildFile; fileRef = 2BDD7DE1283C88B20045825E /* _面试题16_16_部分排序.swift */; };
		2B9E376928484CE4008BC3F8 /* _88_合并两个有序数组.swift in Sources */ = {isa = PBXBuildFile; fileRef = 2BDD7DE3283CB9C80045825E /* _88_合并两个有序数组.swift */; };
		2B9E376A28484CE4008BC3F8 /* main.swift in Sources */ = {isa = PBXBuildFile; fileRef = 2BF730DD2834D99600DB9082 /* main.swift */; };
		2B9E376E284858B9008BC3F8 /* _242_有效的字母异位词.swift in Sources */ = {isa = PBXBuildFile; fileRef = 2B9E376D284858B9008BC3F8 /* _242_有效的字母异位词.swift */; };
		2B9E376F284858B9008BC3F8 /* _242_有效的字母异位词.swift in Sources */ = {isa = PBXBuildFile; fileRef = 2B9E376D284858B9008BC3F8 /* _242_有效的字母异位词.swift */; };
		2B9E3771284D9B67008BC3F8 /* _151_颠倒字符串中的单词.swift in Sources */ = {isa = PBXBuildFile; fileRef = 2B9E3770284D9B67008BC3F8 /* _151_颠倒字符串中的单词.swift */; };
		2B9E3773284DA70F008BC3F8 /* _3_无重复字符的最长子串.swift in Sources */ = {isa = PBXBuildFile; fileRef = 2B9E3772284DA70F008BC3F8 /* _3_无重复字符的最长子串.swift */; };
		2B9E3776284DD907008BC3F8 /* _剑指Offer_47_礼物的最大价值.swift in Sources */ = {isa = PBXBuildFile; fileRef = 2B9E3775284DD907008BC3F8 /* _剑指Offer_47_礼物的最大价值.swift */; };
		2B9E3778284DE185008BC3F8 /* _剑指Offer_II_099_最小路径之和.swift in Sources */ = {isa = PBXBuildFile; fileRef = 2B9E3777284DE184008BC3F8 /* _剑指Offer_II_099_最小路径之和.swift */; };
		2BDD7DE0283C83AF0045825E /* _75_颜色分类.swift in Sources */ = {isa = PBXBuildFile; fileRef = 2BDD7DDF283C83AF0045825E /* _75_颜色分类.swift */; };
		2BDD7DE2283C88B20045825E /* _面试题16_16_部分排序.swift in Sources */ = {isa = PBXBuildFile; fileRef = 2BDD7DE1283C88B20045825E /* _面试题16_16_部分排序.swift */; };
		2BDD7DE4283CB9C80045825E /* _88_合并两个有序数组.swift in Sources */ = {isa = PBXBuildFile; fileRef = 2BDD7DE3283CB9C80045825E /* _88_合并两个有序数组.swift */; };
		2BDD7E35283CCB700045825E /* _203_移除链表元素.swift in Sources */ = {isa = PBXBuildFile; fileRef = 2BDD7E34283CCB700045825E /* _203_移除链表元素.swift */; };
		2BF730DE2834D99600DB9082 /* main.swift in Sources */ = {isa = PBXBuildFile; fileRef = 2BF730DD2834D99600DB9082 /* main.swift */; };
		2BF730E52834D9C500DB9082 /* 131_分割回文串.swift in Sources */ = {isa = PBXBuildFile; fileRef = 2BF730E42834D9C500DB9082 /* 131_分割回文串.swift */; };
		5548784B285C15FD00B25AF1 /* _200_岛屿数量.swift in Sources */ = {isa = PBXBuildFile; fileRef = 5548784A285C15FD00B25AF1 /* _200_岛屿数量.swift */; };
		5548784D285C1EC900B25AF1 /* _剑指Offer_59_I_滑动窗口的最大值.swift in Sources */ = {isa = PBXBuildFile; fileRef = 5548784C285C1EC900B25AF1 /* _剑指Offer_59_I_滑动窗口的最大值.swift */; };
		556676482852F90100BC4198 /* 42_接雨水.swift in Sources */ = {isa = PBXBuildFile; fileRef = 556676472852F90100BC4198 /* 42_接雨水.swift */; };
		5567A62828880632008C2283 /* _25_K个一组翻转链表.swift in Sources */ = {isa = PBXBuildFile; fileRef = 5567A62728880632008C2283 /* _25_K个一组翻转链表.swift */; };
		559C29EC2861674B00618099 /* _376_摆动序列.swift in Sources */ = {isa = PBXBuildFile; fileRef = 559C29EB2861674B00618099 /* _376_摆动序列.swift */; };
		559C29EE2861688800618099 /* _516_最长回文子序列.swift in Sources */ = {isa = PBXBuildFile; fileRef = 559C29ED2861688800618099 /* _516_最长回文子序列.swift */; };
		559C29F12862ADD400618099 /* _11_盛水最多的容器.swift in Sources */ = {isa = PBXBuildFile; fileRef = 559C29F02862ADD400618099 /* _11_盛水最多的容器.swift */; };
		55CA03BC2851C49C000B53AB /* _560_和为K的子数组.swift in Sources */ = {isa = PBXBuildFile; fileRef = 55CA03A42851C49B000B53AB /* _560_和为K的子数组.swift */; };
		55CA03BD2851C49C000B53AB /* _1567_乘积为正数的最长子数组长度.swift in Sources */ = {isa = PBXBuildFile; fileRef = 55CA03A52851C49B000B53AB /* _1567_乘积为正数的最长子数组长度.swift */; };
		55CA03BE2851C49C000B53AB /* _27_移除元素.swift in Sources */ = {isa = PBXBuildFile; fileRef = 55CA03A62851C49B000B53AB /* _27_移除元素.swift */; };
		55CA03BF2851C49C000B53AB /* _5_最长回文子串.swift in Sources */ = {isa = PBXBuildFile; fileRef = 55CA03A72851C49B000B53AB /* _5_最长回文子串.swift */; };
		55CA03C02851C49C000B53AB /* _55_跳跃游戏.swift in Sources */ = {isa = PBXBuildFile; fileRef = 55CA03A82851C49B000B53AB /* _55_跳跃游戏.swift */; };
		55CA03C12851C49C000B53AB /* _309_最佳买卖股票时机含冷冻期.swift in Sources */ = {isa = PBXBuildFile; fileRef = 55CA03A92851C49C000B53AB /* _309_最佳买卖股票时机含冷冻期.swift */; };
		55CA03C22851C49C000B53AB /* _1011_在D天内送达包裹的能力.swift in Sources */ = {isa = PBXBuildFile; fileRef = 55CA03AA2851C49C000B53AB /* _1011_在D天内送达包裹的能力.swift */; };
		55CA03C32851C49C000B53AB /* _1094_拼车.swift in Sources */ = {isa = PBXBuildFile; fileRef = 55CA03AB2851C49C000B53AB /* _1094_拼车.swift */; };
		55CA03C42851C49C000B53AB /* _139_单词拆分.swift in Sources */ = {isa = PBXBuildFile; fileRef = 55CA03AC2851C49C000B53AB /* _139_单词拆分.swift */; };
		55CA03C52851C49C000B53AB /* _704_二分查找.swift in Sources */ = {isa = PBXBuildFile; fileRef = 55CA03AD2851C49C000B53AB /* _704_二分查找.swift */; };
		55CA03C62851C49C000B53AB /* _121_买卖股票的最佳时机.swift in Sources */ = {isa = PBXBuildFile; fileRef = 55CA03AE2851C49C000B53AB /* _121_买卖股票的最佳时机.swift */; };
		55CA03C72851C49C000B53AB /* _875_爱吃香蕉的珂珂.swift in Sources */ = {isa = PBXBuildFile; fileRef = 55CA03AF2851C49C000B53AB /* _875_爱吃香蕉的珂珂.swift */; };
		55CA03C82851C49C000B53AB /* _1109_航班预订统计.swift in Sources */ = {isa = PBXBuildFile; fileRef = 55CA03B02851C49C000B53AB /* _1109_航班预订统计.swift */; };
		55CA03C92851C49C000B53AB /* _303_区域和检索_数组不可变.swift in Sources */ = {isa = PBXBuildFile; fileRef = 55CA03B12851C49C000B53AB /* _303_区域和检索_数组不可变.swift */; };
		55CA03CA2851C49C000B53AB /* _714_买卖股票的最佳时机含手续费.swift in Sources */ = {isa = PBXBuildFile; fileRef = 55CA03B22851C49C000B53AB /* _714_买卖股票的最佳时机含手续费.swift */; };
		55CA03CB2851C49C000B53AB /* _53_最大子数组和.swift in Sources */ = {isa = PBXBuildFile; fileRef = 55CA03B32851C49C000B53AB /* _53_最大子数组和.swift */; };
		55CA03CC2851C49C000B53AB /* _122_买卖股票的最佳时机II.swift in Sources */ = {isa = PBXBuildFile; fileRef = 55CA03B42851C49C000B53AB /* _122_买卖股票的最佳时机II.swift */; };
		55CA03CD2851C49C000B53AB /* _1014_最佳观光组合.swift in Sources */ = {isa = PBXBuildFile; fileRef = 55CA03B52851C49C000B53AB /* _1014_最佳观光组合.swift */; };
		55CA03CE2851C49C000B53AB /* _740_删除并获得点数.swift in Sources */ = {isa = PBXBuildFile; fileRef = 55CA03B62851C49C000B53AB /* _740_删除并获得点数.swift */; };
		55CA03CF2851C49C000B53AB /* _152_乘积最大子数组.swift in Sources */ = {isa = PBXBuildFile; fileRef = 55CA03B72851C49C000B53AB /* _152_乘积最大子数组.swift */; };
		55CA03D02851C49C000B53AB /* _34_在排序数组中查找元素的第一个和最后一个位置.swift in Sources */ = {isa = PBXBuildFile; fileRef = 55CA03B82851C49C000B53AB /* _34_在排序数组中查找元素的第一个和最后一个位置.swift */; };
		55CA03D12851C49C000B53AB /* _283_移动零.swift in Sources */ = {isa = PBXBuildFile; fileRef = 55CA03B92851C49C000B53AB /* _283_移动零.swift */; };
		55CA03D22851C49C000B53AB /* _45_跳跃游戏2.swift in Sources */ = {isa = PBXBuildFile; fileRef = 55CA03BA2851C49C000B53AB /* _45_跳跃游戏2.swift */; };
		55CA03D32851C49C000B53AB /* _26_删除有序数组中的重复项.swift in Sources */ = {isa = PBXBuildFile; fileRef = 55CA03BB2851C49C000B53AB /* _26_删除有序数组中的重复项.swift */; };
		55CA03E22851FB53000B53AB /* AllSort.swift in Sources */ = {isa = PBXBuildFile; fileRef = 55CA03E12851FB53000B53AB /* AllSort.swift */; };
		55D2410728583A47005310F4 /* _113_路径总和2.swift in Sources */ = {isa = PBXBuildFile; fileRef = 55D2410628583A47005310F4 /* _113_路径总和2.swift */; };
		55DB97062860815F00E95A23 /* _剑指Offer_63_股票的最大利润.swift in Sources */ = {isa = PBXBuildFile; fileRef = 55DB97052860815F00E95A23 /* _剑指Offer_63_股票的最大利润.swift */; };
		55E0ADEF287D0A4F002F9D9E /* _395_至少有K个重复字符的最长子串.swift in Sources */ = {isa = PBXBuildFile; fileRef = 55E0ADEE287D0A4F002F9D9E /* _395_至少有K个重复字符的最长子串.swift */; };
		55ED294B2862B89D005A5E99 /* 71_简化路径.swift in Sources */ = {isa = PBXBuildFile; fileRef = 55ED294A2862B89D005A5E99 /* 71_简化路径.swift */; };
		55ED294D2862CEE9005A5E99 /* 543_二叉树的直径.swift in Sources */ = {isa = PBXBuildFile; fileRef = 55ED294C2862CEE9005A5E99 /* 543_二叉树的直径.swift */; };
		55ED294F2862FE3F005A5E99 /* _22_括号生成.swift in Sources */ = {isa = PBXBuildFile; fileRef = 55ED294E2862FE3F005A5E99 /* _22_括号生成.swift */; };
/* End PBXBuildFile section */

/* Begin PBXCopyFilesBuildPhase section */
		2BF730D82834D99600DB9082 /* CopyFiles */ = {
			isa = PBXCopyFilesBuildPhase;
			buildActionMask = 2147483647;
			dstPath = /usr/share/man/man1/;
			dstSubfolderSpec = 0;
			files = (
			);
			runOnlyForDeploymentPostprocessing = 1;
		};
/* End PBXCopyFilesBuildPhase section */

/* Begin PBXFileReference section */
		2B18A64528433250009974A9 /* _654_最大二叉树.swift */ = {isa = PBXFileReference; lastKnownFileType = sourcecode.swift; path = "_654_最大二叉树.swift"; sourceTree = "<group>"; };
		2B18A6482844A2C4009974A9 /* _155_最小栈.swift */ = {isa = PBXFileReference; lastKnownFileType = sourcecode.swift; path = "_155_最小栈.swift"; sourceTree = "<group>"; };
		2B3EEEE428465A7A007CDF9B /* _剑指_Offer_II_079_所有子集.swift */ = {isa = PBXFileReference; lastKnownFileType = sourcecode.swift; path = "_剑指_Offer_II_079_所有子集.swift"; sourceTree = "<group>"; };
		2B3EEEE628465A9E007CDF9B /* _503_下一个更大元素2.swift */ = {isa = PBXFileReference; lastKnownFileType = sourcecode.swift; path = "_503_下一个更大元素2.swift"; sourceTree = "<group>"; };
		2B3EEEE928465ACB007CDF9B /* _496_下一个更大元素.swift */ = {isa = PBXFileReference; lastKnownFileType = sourcecode.swift; path = "_496_下一个更大元素.swift"; sourceTree = "<group>"; };
		2B3EEEEB28465B0E007CDF9B /* _739_每日温度 .swift */ = {isa = PBXFileReference; lastKnownFileType = sourcecode.swift; path = "_739_每日温度 .swift"; sourceTree = "<group>"; };
		2B3EEEED28465B54007CDF9B /* _剑指Offer_07_重建二叉树.swift */ = {isa = PBXFileReference; lastKnownFileType = sourcecode.swift; path = "_剑指Offer_07_重建二叉树.swift"; sourceTree = "<group>"; };
		2B3EEEEF28465B75007CDF9B /* _102_二叉树的层序遍历.swift */ = {isa = PBXFileReference; lastKnownFileType = sourcecode.swift; path = "_102_二叉树的层序遍历.swift"; sourceTree = "<group>"; };
		2B3EEEF128465BBF007CDF9B /* _234_回文链表.swift */ = {isa = PBXFileReference; lastKnownFileType = sourcecode.swift; path = "_234_回文链表.swift"; sourceTree = "<group>"; };
		2B3EEEF328465BE7007CDF9B /* _86_分隔链表.swift */ = {isa = PBXFileReference; lastKnownFileType = sourcecode.swift; path = "_86_分隔链表.swift"; sourceTree = "<group>"; };
		2B3EEEF528465C00007CDF9B /* _160_相交链表.swift */ = {isa = PBXFileReference; lastKnownFileType = sourcecode.swift; path = "_160_相交链表.swift"; sourceTree = "<group>"; };
		2B3EEEFC28465C9F007CDF9B /* TestDemo.xctest */ = {isa = PBXFileReference; explicitFileType = wrapper.cfbundle; includeInIndex = 0; path = TestDemo.xctest; sourceTree = BUILT_PRODUCTS_DIR; };
		2B3EEEFE28465C9F007CDF9B /* TestDemo.swift */ = {isa = PBXFileReference; lastKnownFileType = sourcecode.swift; path = TestDemo.swift; sourceTree = "<group>"; };
		2B9E375028470170008BC3F8 /* _239_滑动窗口最大值.swift */ = {isa = PBXFileReference; fileEncoding = 4; lastKnownFileType = sourcecode.swift; path = "_239_滑动窗口最大值.swift"; sourceTree = "<group>"; };
		2B9E3753284712E0008BC3F8 /* _面试题_01_09_字符串轮转.swift */ = {isa = PBXFileReference; lastKnownFileType = sourcecode.swift; path = "_面试题_01_09_字符串轮转.swift"; sourceTree = "<group>"; };
		2B9E375528471649008BC3F8 /* _572_另一棵树的子树.swift */ = {isa = PBXFileReference; lastKnownFileType = sourcecode.swift; path = "_572_另一棵树的子树.swift"; sourceTree = "<group>"; };
		2B9E376D284858B9008BC3F8 /* _242_有效的字母异位词.swift */ = {isa = PBXFileReference; lastKnownFileType = sourcecode.swift; path = "_242_有效的字母异位词.swift"; sourceTree = "<group>"; };
		2B9E3770284D9B67008BC3F8 /* _151_颠倒字符串中的单词.swift */ = {isa = PBXFileReference; lastKnownFileType = sourcecode.swift; path = "_151_颠倒字符串中的单词.swift"; sourceTree = "<group>"; };
		2B9E3772284DA70F008BC3F8 /* _3_无重复字符的最长子串.swift */ = {isa = PBXFileReference; lastKnownFileType = sourcecode.swift; path = "_3_无重复字符的最长子串.swift"; sourceTree = "<group>"; };
		2B9E3775284DD907008BC3F8 /* _剑指Offer_47_礼物的最大价值.swift */ = {isa = PBXFileReference; lastKnownFileType = sourcecode.swift; path = "_剑指Offer_47_礼物的最大价值.swift"; sourceTree = "<group>"; };
		2B9E3777284DE184008BC3F8 /* _剑指Offer_II_099_最小路径之和.swift */ = {isa = PBXFileReference; lastKnownFileType = sourcecode.swift; path = "_剑指Offer_II_099_最小路径之和.swift"; sourceTree = "<group>"; };
		2BDD7DDF283C83AF0045825E /* _75_颜色分类.swift */ = {isa = PBXFileReference; lastKnownFileType = sourcecode.swift; path = "_75_颜色分类.swift"; sourceTree = "<group>"; };
		2BDD7DE1283C88B20045825E /* _面试题16_16_部分排序.swift */ = {isa = PBXFileReference; lastKnownFileType = sourcecode.swift; path = "_面试题16_16_部分排序.swift"; sourceTree = "<group>"; };
		2BDD7DE3283CB9C80045825E /* _88_合并两个有序数组.swift */ = {isa = PBXFileReference; lastKnownFileType = sourcecode.swift; path = "_88_合并两个有序数组.swift"; sourceTree = "<group>"; };
		2BDD7E34283CCB700045825E /* _203_移除链表元素.swift */ = {isa = PBXFileReference; lastKnownFileType = sourcecode.swift; path = "_203_移除链表元素.swift"; sourceTree = "<group>"; };
		2BF730DA2834D99600DB9082 /* 算法练习 */ = {isa = PBXFileReference; explicitFileType = "compiled.mach-o.executable"; includeInIndex = 0; path = "算法练习"; sourceTree = BUILT_PRODUCTS_DIR; };
		2BF730DD2834D99600DB9082 /* main.swift */ = {isa = PBXFileReference; lastKnownFileType = sourcecode.swift; path = main.swift; sourceTree = "<group>"; };
		2BF730E42834D9C500DB9082 /* 131_分割回文串.swift */ = {isa = PBXFileReference; lastKnownFileType = sourcecode.swift; path = "131_分割回文串.swift"; sourceTree = "<group>"; };
		5548784A285C15FD00B25AF1 /* _200_岛屿数量.swift */ = {isa = PBXFileReference; lastKnownFileType = sourcecode.swift; path = "_200_岛屿数量.swift"; sourceTree = "<group>"; };
		5548784C285C1EC900B25AF1 /* _剑指Offer_59_I_滑动窗口的最大值.swift */ = {isa = PBXFileReference; lastKnownFileType = sourcecode.swift; path = "_剑指Offer_59_I_滑动窗口的最大值.swift"; sourceTree = "<group>"; };
		556676472852F90100BC4198 /* 42_接雨水.swift */ = {isa = PBXFileReference; lastKnownFileType = sourcecode.swift; path = "42_接雨水.swift"; sourceTree = "<group>"; };
		5567A62728880632008C2283 /* _25_K个一组翻转链表.swift */ = {isa = PBXFileReference; lastKnownFileType = sourcecode.swift; path = "_25_K个一组翻转链表.swift"; sourceTree = "<group>"; };
		559C29EB2861674B00618099 /* _376_摆动序列.swift */ = {isa = PBXFileReference; lastKnownFileType = sourcecode.swift; path = "_376_摆动序列.swift"; sourceTree = "<group>"; };
		559C29ED2861688800618099 /* _516_最长回文子序列.swift */ = {isa = PBXFileReference; lastKnownFileType = sourcecode.swift; path = "_516_最长回文子序列.swift"; sourceTree = "<group>"; };
		559C29F02862ADD400618099 /* _11_盛水最多的容器.swift */ = {isa = PBXFileReference; lastKnownFileType = sourcecode.swift; path = "_11_盛水最多的容器.swift"; sourceTree = "<group>"; };
		55CA03A42851C49B000B53AB /* _560_和为K的子数组.swift */ = {isa = PBXFileReference; fileEncoding = 4; lastKnownFileType = sourcecode.swift; path = "_560_和为K的子数组.swift"; sourceTree = "<group>"; };
		55CA03A52851C49B000B53AB /* _1567_乘积为正数的最长子数组长度.swift */ = {isa = PBXFileReference; fileEncoding = 4; lastKnownFileType = sourcecode.swift; path = "_1567_乘积为正数的最长子数组长度.swift"; sourceTree = "<group>"; };
		55CA03A62851C49B000B53AB /* _27_移除元素.swift */ = {isa = PBXFileReference; fileEncoding = 4; lastKnownFileType = sourcecode.swift; path = "_27_移除元素.swift"; sourceTree = "<group>"; };
		55CA03A72851C49B000B53AB /* _5_最长回文子串.swift */ = {isa = PBXFileReference; fileEncoding = 4; lastKnownFileType = sourcecode.swift; path = "_5_最长回文子串.swift"; sourceTree = "<group>"; };
		55CA03A82851C49B000B53AB /* _55_跳跃游戏.swift */ = {isa = PBXFileReference; fileEncoding = 4; lastKnownFileType = sourcecode.swift; path = "_55_跳跃游戏.swift"; sourceTree = "<group>"; };
		55CA03A92851C49C000B53AB /* _309_最佳买卖股票时机含冷冻期.swift */ = {isa = PBXFileReference; fileEncoding = 4; lastKnownFileType = sourcecode.swift; path = "_309_最佳买卖股票时机含冷冻期.swift"; sourceTree = "<group>"; };
		55CA03AA2851C49C000B53AB /* _1011_在D天内送达包裹的能力.swift */ = {isa = PBXFileReference; fileEncoding = 4; lastKnownFileType = sourcecode.swift; path = "_1011_在D天内送达包裹的能力.swift"; sourceTree = "<group>"; };
		55CA03AB2851C49C000B53AB /* _1094_拼车.swift */ = {isa = PBXFileReference; fileEncoding = 4; lastKnownFileType = sourcecode.swift; path = "_1094_拼车.swift"; sourceTree = "<group>"; };
		55CA03AC2851C49C000B53AB /* _139_单词拆分.swift */ = {isa = PBXFileReference; fileEncoding = 4; lastKnownFileType = sourcecode.swift; path = "_139_单词拆分.swift"; sourceTree = "<group>"; };
		55CA03AD2851C49C000B53AB /* _704_二分查找.swift */ = {isa = PBXFileReference; fileEncoding = 4; lastKnownFileType = sourcecode.swift; path = "_704_二分查找.swift"; sourceTree = "<group>"; };
		55CA03AE2851C49C000B53AB /* _121_买卖股票的最佳时机.swift */ = {isa = PBXFileReference; fileEncoding = 4; lastKnownFileType = sourcecode.swift; path = "_121_买卖股票的最佳时机.swift"; sourceTree = "<group>"; };
		55CA03AF2851C49C000B53AB /* _875_爱吃香蕉的珂珂.swift */ = {isa = PBXFileReference; fileEncoding = 4; lastKnownFileType = sourcecode.swift; path = "_875_爱吃香蕉的珂珂.swift"; sourceTree = "<group>"; };
		55CA03B02851C49C000B53AB /* _1109_航班预订统计.swift */ = {isa = PBXFileReference; fileEncoding = 4; lastKnownFileType = sourcecode.swift; path = "_1109_航班预订统计.swift"; sourceTree = "<group>"; };
		55CA03B12851C49C000B53AB /* _303_区域和检索_数组不可变.swift */ = {isa = PBXFileReference; fileEncoding = 4; lastKnownFileType = sourcecode.swift; path = "_303_区域和检索_数组不可变.swift"; sourceTree = "<group>"; };
		55CA03B22851C49C000B53AB /* _714_买卖股票的最佳时机含手续费.swift */ = {isa = PBXFileReference; fileEncoding = 4; lastKnownFileType = sourcecode.swift; path = "_714_买卖股票的最佳时机含手续费.swift"; sourceTree = "<group>"; };
		55CA03B32851C49C000B53AB /* _53_最大子数组和.swift */ = {isa = PBXFileReference; fileEncoding = 4; lastKnownFileType = sourcecode.swift; path = "_53_最大子数组和.swift"; sourceTree = "<group>"; };
		55CA03B42851C49C000B53AB /* _122_买卖股票的最佳时机II.swift */ = {isa = PBXFileReference; fileEncoding = 4; lastKnownFileType = sourcecode.swift; path = "_122_买卖股票的最佳时机II.swift"; sourceTree = "<group>"; };
		55CA03B52851C49C000B53AB /* _1014_最佳观光组合.swift */ = {isa = PBXFileReference; fileEncoding = 4; lastKnownFileType = sourcecode.swift; path = "_1014_最佳观光组合.swift"; sourceTree = "<group>"; };
		55CA03B62851C49C000B53AB /* _740_删除并获得点数.swift */ = {isa = PBXFileReference; fileEncoding = 4; lastKnownFileType = sourcecode.swift; path = "_740_删除并获得点数.swift"; sourceTree = "<group>"; };
		55CA03B72851C49C000B53AB /* _152_乘积最大子数组.swift */ = {isa = PBXFileReference; fileEncoding = 4; lastKnownFileType = sourcecode.swift; path = "_152_乘积最大子数组.swift"; sourceTree = "<group>"; };
		55CA03B82851C49C000B53AB /* _34_在排序数组中查找元素的第一个和最后一个位置.swift */ = {isa = PBXFileReference; fileEncoding = 4; lastKnownFileType = sourcecode.swift; path = "_34_在排序数组中查找元素的第一个和最后一个位置.swift"; sourceTree = "<group>"; };
		55CA03B92851C49C000B53AB /* _283_移动零.swift */ = {isa = PBXFileReference; fileEncoding = 4; lastKnownFileType = sourcecode.swift; path = "_283_移动零.swift"; sourceTree = "<group>"; };
		55CA03BA2851C49C000B53AB /* _45_跳跃游戏2.swift */ = {isa = PBXFileReference; fileEncoding = 4; lastKnownFileType = sourcecode.swift; path = "_45_跳跃游戏2.swift"; sourceTree = "<group>"; };
		55CA03BB2851C49C000B53AB /* _26_删除有序数组中的重复项.swift */ = {isa = PBXFileReference; fileEncoding = 4; lastKnownFileType = sourcecode.swift; path = "_26_删除有序数组中的重复项.swift"; sourceTree = "<group>"; };
		55CA03E12851FB53000B53AB /* AllSort.swift */ = {isa = PBXFileReference; lastKnownFileType = sourcecode.swift; path = AllSort.swift; sourceTree = "<group>"; };
		55D2410628583A47005310F4 /* _113_路径总和2.swift */ = {isa = PBXFileReference; lastKnownFileType = sourcecode.swift; path = "_113_路径总和2.swift"; sourceTree = "<group>"; };
		55DB97052860815F00E95A23 /* _剑指Offer_63_股票的最大利润.swift */ = {isa = PBXFileReference; lastKnownFileType = sourcecode.swift; path = "_剑指Offer_63_股票的最大利润.swift"; sourceTree = "<group>"; };
		55E0ADEE287D0A4F002F9D9E /* _395_至少有K个重复字符的最长子串.swift */ = {isa = PBXFileReference; lastKnownFileType = sourcecode.swift; path = "_395_至少有K个重复字符的最长子串.swift"; sourceTree = "<group>"; };
		55ED294A2862B89D005A5E99 /* 71_简化路径.swift */ = {isa = PBXFileReference; lastKnownFileType = sourcecode.swift; path = "71_简化路径.swift"; sourceTree = "<group>"; };
		55ED294C2862CEE9005A5E99 /* 543_二叉树的直径.swift */ = {isa = PBXFileReference; lastKnownFileType = sourcecode.swift; path = "543_二叉树的直径.swift"; sourceTree = "<group>"; };
		55ED294E2862FE3F005A5E99 /* _22_括号生成.swift */ = {isa = PBXFileReference; lastKnownFileType = sourcecode.swift; path = "_22_括号生成.swift"; sourceTree = "<group>"; };
/* End PBXFileReference section */

/* Begin PBXFrameworksBuildPhase section */
		2B3EEEF928465C9F007CDF9B /* Frameworks */ = {
			isa = PBXFrameworksBuildPhase;
			buildActionMask = 2147483647;
			files = (
			);
			runOnlyForDeploymentPostprocessing = 0;
		};
		2BF730D72834D99600DB9082 /* Frameworks */ = {
			isa = PBXFrameworksBuildPhase;
			buildActionMask = 2147483647;
			files = (
			);
			runOnlyForDeploymentPostprocessing = 0;
		};
/* End PBXFrameworksBuildPhase section */

/* Begin PBXGroup section */
		2B18A64428433241009974A9 /* 二叉树 */ = {
			isa = PBXGroup;
			children = (
				2B18A64528433250009974A9 /* _654_最大二叉树.swift */,
				2B3EEEED28465B54007CDF9B /* _剑指Offer_07_重建二叉树.swift */,
				2B3EEEEF28465B75007CDF9B /* _102_二叉树的层序遍历.swift */,
				2B9E375528471649008BC3F8 /* _572_另一棵树的子树.swift */,
				55ED294C2862CEE9005A5E99 /* 543_二叉树的直径.swift */,
				55ED294E2862FE3F005A5E99 /* _22_括号生成.swift */,
			);
			path = "二叉树";
			sourceTree = "<group>";
		};
		2B18A6472844A29F009974A9 /* 栈&队列 */ = {
			isa = PBXGroup;
			children = (
				2B9E375028470170008BC3F8 /* _239_滑动窗口最大值.swift */,
				2B18A6482844A2C4009974A9 /* _155_最小栈.swift */,
				2B3EEEE628465A9E007CDF9B /* _503_下一个更大元素2.swift */,
				2B3EEEE928465ACB007CDF9B /* _496_下一个更大元素.swift */,
				2B3EEEEB28465B0E007CDF9B /* _739_每日温度 .swift */,
				55D2410628583A47005310F4 /* _113_路径总和2.swift */,
			);
			path = "栈&队列";
			sourceTree = "<group>";
		};
		2B3EEEE328465A5E007CDF9B /* 二进制问题 */ = {
			isa = PBXGroup;
			children = (
				2B3EEEE428465A7A007CDF9B /* _剑指_Offer_II_079_所有子集.swift */,
			);
			path = "二进制问题";
			sourceTree = "<group>";
		};
		2B3EEEFD28465C9F007CDF9B /* TestDemo */ = {
			isa = PBXGroup;
			children = (
				2B3EEEFE28465C9F007CDF9B /* TestDemo.swift */,
			);
			path = TestDemo;
			sourceTree = "<group>";
		};
		2B9E3752284710C5008BC3F8 /* 字符串 */ = {
			isa = PBXGroup;
			children = (
				2B9E3753284712E0008BC3F8 /* _面试题_01_09_字符串轮转.swift */,
				2B9E376D284858B9008BC3F8 /* _242_有效的字母异位词.swift */,
				2B9E3770284D9B67008BC3F8 /* _151_颠倒字符串中的单词.swift */,
				2B9E3772284DA70F008BC3F8 /* _3_无重复字符的最长子串.swift */,
				55ED294A2862B89D005A5E99 /* 71_简化路径.swift */,
				55E0ADEE287D0A4F002F9D9E /* _395_至少有K个重复字符的最长子串.swift */,
			);
			path = "字符串";
			sourceTree = "<group>";
		};
		2B9E3774284DD8EC008BC3F8 /* 动态规划 */ = {
			isa = PBXGroup;
			children = (
				55CA03A72851C49B000B53AB /* _5_最长回文子串.swift */,
				55DB97052860815F00E95A23 /* _剑指Offer_63_股票的最大利润.swift */,
				556676472852F90100BC4198 /* 42_接雨水.swift */,
				2B9E3775284DD907008BC3F8 /* _剑指Offer_47_礼物的最大价值.swift */,
				2B9E3777284DE184008BC3F8 /* _剑指Offer_II_099_最小路径之和.swift */,
				559C29EB2861674B00618099 /* _376_摆动序列.swift */,
				559C29ED2861688800618099 /* _516_最长回文子序列.swift */,
			);
			path = "动态规划";
			sourceTree = "<group>";
		};
		2BDD7DDE283C82BF0045825E /* 数组 */ = {
			isa = PBXGroup;
			children = (
				2BDD7DDF283C83AF0045825E /* _75_颜色分类.swift */,
				2BDD7DE1283C88B20045825E /* _面试题16_16_部分排序.swift */,
				2BDD7DE3283CB9C80045825E /* _88_合并两个有序数组.swift */,
				5548784A285C15FD00B25AF1 /* _200_岛屿数量.swift */,
				5548784C285C1EC900B25AF1 /* _剑指Offer_59_I_滑动窗口的最大值.swift */,
				559C29F02862ADD400618099 /* _11_盛水最多的容器.swift */,
			);
			path = "数组";
			sourceTree = "<group>";
		};
		2BDD7E33283CCB5C0045825E /* 链表 */ = {
			isa = PBXGroup;
			children = (
				2BF730E42834D9C500DB9082 /* 131_分割回文串.swift */,
				2BDD7E34283CCB700045825E /* _203_移除链表元素.swift */,
				2B3EEEF528465C00007CDF9B /* _160_相交链表.swift */,
				2B3EEEF128465BBF007CDF9B /* _234_回文链表.swift */,
				2B3EEEF328465BE7007CDF9B /* _86_分隔链表.swift */,
				5567A62728880632008C2283 /* _25_K个一组翻转链表.swift */,
			);
			path = "链表";
			sourceTree = "<group>";
		};
		2BF730D12834D99600DB9082 = {
			isa = PBXGroup;
			children = (
				2BF730DC2834D99600DB9082 /* 算法练习 */,
				2B3EEEFD28465C9F007CDF9B /* TestDemo */,
				2BF730DB2834D99600DB9082 /* Products */,
			);
			sourceTree = "<group>";
		};
		2BF730DB2834D99600DB9082 /* Products */ = {
			isa = PBXGroup;
			children = (
				2BF730DA2834D99600DB9082 /* 算法练习 */,
				2B3EEEFC28465C9F007CDF9B /* TestDemo.xctest */,
			);
			name = Products;
			sourceTree = "<group>";
		};
		2BF730DC2834D99600DB9082 /* 算法练习 */ = {
			isa = PBXGroup;
			children = (
				55CA03E02851FB3F000B53AB /* 排序相关 */,
				55CA03A32851C47B000B53AB /* 其他 */,
				2B9E3774284DD8EC008BC3F8 /* 动态规划 */,
				2B9E3752284710C5008BC3F8 /* 字符串 */,
				2B3EEEE328465A5E007CDF9B /* 二进制问题 */,
				2B18A6472844A29F009974A9 /* 栈&队列 */,
				2B18A64428433241009974A9 /* 二叉树 */,
				2BDD7E33283CCB5C0045825E /* 链表 */,
				2BDD7DDE283C82BF0045825E /* 数组 */,
				2BF730DD2834D99600DB9082 /* main.swift */,
			);
			path = "算法练习";
			sourceTree = "<group>";
		};
		55CA03A32851C47B000B53AB /* 其他 */ = {
			isa = PBXGroup;
			children = (
				55CA03BB2851C49C000B53AB /* _26_删除有序数组中的重复项.swift */,
				55CA03A62851C49B000B53AB /* _27_移除元素.swift */,
				55CA03B82851C49C000B53AB /* _34_在排序数组中查找元素的第一个和最后一个位置.swift */,
				55CA03BA2851C49C000B53AB /* _45_跳跃游戏2.swift */,
				55CA03B32851C49C000B53AB /* _53_最大子数组和.swift */,
				55CA03A82851C49B000B53AB /* _55_跳跃游戏.swift */,
				55CA03AE2851C49C000B53AB /* _121_买卖股票的最佳时机.swift */,
				55CA03B42851C49C000B53AB /* _122_买卖股票的最佳时机II.swift */,
				55CA03AC2851C49C000B53AB /* _139_单词拆分.swift */,
				55CA03B72851C49C000B53AB /* _152_乘积最大子数组.swift */,
				55CA03B92851C49C000B53AB /* _283_移动零.swift */,
				55CA03B12851C49C000B53AB /* _303_区域和检索_数组不可变.swift */,
				55CA03A92851C49C000B53AB /* _309_最佳买卖股票时机含冷冻期.swift */,
				55CA03A42851C49B000B53AB /* _560_和为K的子数组.swift */,
				55CA03AD2851C49C000B53AB /* _704_二分查找.swift */,
				55CA03B22851C49C000B53AB /* _714_买卖股票的最佳时机含手续费.swift */,
				55CA03B62851C49C000B53AB /* _740_删除并获得点数.swift */,
				55CA03AF2851C49C000B53AB /* _875_爱吃香蕉的珂珂.swift */,
				55CA03AA2851C49C000B53AB /* _1011_在D天内送达包裹的能力.swift */,
				55CA03B52851C49C000B53AB /* _1014_最佳观光组合.swift */,
				55CA03AB2851C49C000B53AB /* _1094_拼车.swift */,
				55CA03B02851C49C000B53AB /* _1109_航班预订统计.swift */,
				55CA03A52851C49B000B53AB /* _1567_乘积为正数的最长子数组长度.swift */,
			);
			path = "其他";
			sourceTree = "<group>";
		};
		55CA03E02851FB3F000B53AB /* 排序相关 */ = {
			isa = PBXGroup;
			children = (
				55CA03E12851FB53000B53AB /* AllSort.swift */,
			);
			path = "排序相关";
			sourceTree = "<group>";
		};
/* End PBXGroup section */

/* Begin PBXNativeTarget section */
		2B3EEEFB28465C9F007CDF9B /* TestDemo */ = {
			isa = PBXNativeTarget;
			buildConfigurationList = 2B3EEF0028465C9F007CDF9B /* Build configuration list for PBXNativeTarget "TestDemo" */;
			buildPhases = (
				2B3EEEF828465C9F007CDF9B /* Sources */,
				2B3EEEF928465C9F007CDF9B /* Frameworks */,
				2B3EEEFA28465C9F007CDF9B /* Resources */,
			);
			buildRules = (
			);
			dependencies = (
			);
			name = TestDemo;
			productName = TestDemo;
			productReference = 2B3EEEFC28465C9F007CDF9B /* TestDemo.xctest */;
			productType = "com.apple.product-type.bundle.unit-test";
		};
		2BF730D92834D99600DB9082 /* 算法练习 */ = {
			isa = PBXNativeTarget;
			buildConfigurationList = 2BF730E12834D99600DB9082 /* Build configuration list for PBXNativeTarget "算法练习" */;
			buildPhases = (
				2BF730D62834D99600DB9082 /* Sources */,
				2BF730D72834D99600DB9082 /* Frameworks */,
				2BF730D82834D99600DB9082 /* CopyFiles */,
			);
			buildRules = (
			);
			dependencies = (
			);
			name = "算法练习";
			productName = "算法练习";
			productReference = 2BF730DA2834D99600DB9082 /* 算法练习 */;
			productType = "com.apple.product-type.tool";
		};
/* End PBXNativeTarget section */

/* Begin PBXProject section */
		2BF730D22834D99600DB9082 /* Project object */ = {
			isa = PBXProject;
			attributes = {
				BuildIndependentTargetsInParallel = 1;
				LastSwiftUpdateCheck = 1320;
				LastUpgradeCheck = 1320;
				TargetAttributes = {
					2B3EEEFB28465C9F007CDF9B = {
						CreatedOnToolsVersion = 13.2.1;
					};
					2BF730D92834D99600DB9082 = {
						CreatedOnToolsVersion = 13.2.1;
					};
				};
			};
			buildConfigurationList = 2BF730D52834D99600DB9082 /* Build configuration list for PBXProject "算法练习" */;
			compatibilityVersion = "Xcode 13.0";
			developmentRegion = en;
			hasScannedForEncodings = 0;
			knownRegions = (
				en,
				Base,
			);
			mainGroup = 2BF730D12834D99600DB9082;
			productRefGroup = 2BF730DB2834D99600DB9082 /* Products */;
			projectDirPath = "";
			projectRoot = "";
			targets = (
				2BF730D92834D99600DB9082 /* 算法练习 */,
				2B3EEEFB28465C9F007CDF9B /* TestDemo */,
			);
		};
/* End PBXProject section */

/* Begin PBXResourcesBuildPhase section */
		2B3EEEFA28465C9F007CDF9B /* Resources */ = {
			isa = PBXResourcesBuildPhase;
			buildActionMask = 2147483647;
			files = (
			);
			runOnlyForDeploymentPostprocessing = 0;
		};
/* End PBXResourcesBuildPhase section */

/* Begin PBXSourcesBuildPhase section */
		2B3EEEF828465C9F007CDF9B /* Sources */ = {
			isa = PBXSourcesBuildPhase;
			buildActionMask = 2147483647;
			files = (
				2B9E375828484CE4008BC3F8 /* _面试题_01_09_字符串轮转.swift in Sources */,
				2B9E375928484CE4008BC3F8 /* _剑指_Offer_II_079_所有子集.swift in Sources */,
				2B9E375A28484CE4008BC3F8 /* _239_滑动窗口最大值.swift in Sources */,
				2B9E375B28484CE4008BC3F8 /* _155_最小栈.swift in Sources */,
				2B9E375C28484CE4008BC3F8 /* _503_下一个更大元素2.swift in Sources */,
				2B9E375D28484CE4008BC3F8 /* _496_下一个更大元素.swift in Sources */,
				2B9E375E28484CE4008BC3F8 /* _654_最大二叉树.swift in Sources */,
				2B9E375F28484CE4008BC3F8 /* _剑指Offer_07_重建二叉树.swift in Sources */,
				2B9E376028484CE4008BC3F8 /* _102_二叉树的层序遍历.swift in Sources */,
				2B9E376128484CE4008BC3F8 /* _572_另一棵树的子树.swift in Sources */,
				2B9E376228484CE4008BC3F8 /* 131_分割回文串.swift in Sources */,
				2B9E376328484CE4008BC3F8 /* _203_移除链表元素.swift in Sources */,
				2B9E376428484CE4008BC3F8 /* _160_相交链表.swift in Sources */,
				2B9E376528484CE4008BC3F8 /* _234_回文链表.swift in Sources */,
				2B9E376628484CE4008BC3F8 /* _86_分隔链表.swift in Sources */,
				2B9E376728484CE4008BC3F8 /* _75_颜色分类.swift in Sources */,
				2B9E376828484CE4008BC3F8 /* _面试题16_16_部分排序.swift in Sources */,
				2B9E376F284858B9008BC3F8 /* _242_有效的字母异位词.swift in Sources */,
				2B9E376928484CE4008BC3F8 /* _88_合并两个有序数组.swift in Sources */,
				2B9E376A28484CE4008BC3F8 /* main.swift in Sources */,
				2B3EEEFF28465C9F007CDF9B /* TestDemo.swift in Sources */,
				2B9E375728484C3A008BC3F8 /* _739_每日温度 .swift in Sources */,
			);
			runOnlyForDeploymentPostprocessing = 0;
		};
		2BF730D62834D99600DB9082 /* Sources */ = {
			isa = PBXSourcesBuildPhase;
			buildActionMask = 2147483647;
			files = (
				55CA03CB2851C49C000B53AB /* _53_最大子数组和.swift in Sources */,
				55CA03C52851C49C000B53AB /* _704_二分查找.swift in Sources */,
				55CA03CD2851C49C000B53AB /* _1014_最佳观光组合.swift in Sources */,
				55CA03CE2851C49C000B53AB /* _740_删除并获得点数.swift in Sources */,
				559C29EE2861688800618099 /* _516_最长回文子序列.swift in Sources */,
				2B3EEEF428465BE7007CDF9B /* _86_分隔链表.swift in Sources */,
				2B9E375128470170008BC3F8 /* _239_滑动窗口最大值.swift in Sources */,
				55CA03C62851C49C000B53AB /* _121_买卖股票的最佳时机.swift in Sources */,
				55CA03BE2851C49C000B53AB /* _27_移除元素.swift in Sources */,
				2BDD7DE2283C88B20045825E /* _面试题16_16_部分排序.swift in Sources */,
				2B18A6492844A2C4009974A9 /* _155_最小栈.swift in Sources */,
				55CA03BD2851C49C000B53AB /* _1567_乘积为正数的最长子数组长度.swift in Sources */,
				55CA03C22851C49C000B53AB /* _1011_在D天内送达包裹的能力.swift in Sources */,
				55CA03D02851C49C000B53AB /* _34_在排序数组中查找元素的第一个和最后一个位置.swift in Sources */,
				556676482852F90100BC4198 /* 42_接雨水.swift in Sources */,
				55CA03CC2851C49C000B53AB /* _122_买卖股票的最佳时机II.swift in Sources */,
				2B3EEEF628465C00007CDF9B /* _160_相交链表.swift in Sources */,
				55CA03BC2851C49C000B53AB /* _560_和为K的子数组.swift in Sources */,
				55CA03D22851C49C000B53AB /* _45_跳跃游戏2.swift in Sources */,
				5548784D285C1EC900B25AF1 /* _剑指Offer_59_I_滑动窗口的最大值.swift in Sources */,
				2B9E376E284858B9008BC3F8 /* _242_有效的字母异位词.swift in Sources */,
				559C29EC2861674B00618099 /* _376_摆动序列.swift in Sources */,
				2B3EEEEC28465B0E007CDF9B /* _739_每日温度 .swift in Sources */,
				55CA03BF2851C49C000B53AB /* _5_最长回文子串.swift in Sources */,
				2B3EEEEE28465B54007CDF9B /* _剑指Offer_07_重建二叉树.swift in Sources */,
				5548784B285C15FD00B25AF1 /* _200_岛屿数量.swift in Sources */,
				55CA03D32851C49C000B53AB /* _26_删除有序数组中的重复项.swift in Sources */,
				55CA03CA2851C49C000B53AB /* _714_买卖股票的最佳时机含手续费.swift in Sources */,
				55CA03CF2851C49C000B53AB /* _152_乘积最大子数组.swift in Sources */,
				55CA03C72851C49C000B53AB /* _875_爱吃香蕉的珂珂.swift in Sources */,
				559C29F12862ADD400618099 /* _11_盛水最多的容器.swift in Sources */,
				55CA03E22851FB53000B53AB /* AllSort.swift in Sources */,
				55DB97062860815F00E95A23 /* _剑指Offer_63_股票的最大利润.swift in Sources */,
				2B18A64628433250009974A9 /* _654_最大二叉树.swift in Sources */,
				2BF730DE2834D99600DB9082 /* main.swift in Sources */,
				55CA03C92851C49C000B53AB /* _303_区域和检索_数组不可变.swift in Sources */,
				2B9E3754284712E0008BC3F8 /* _面试题_01_09_字符串轮转.swift in Sources */,
				2B9E3773284DA70F008BC3F8 /* _3_无重复字符的最长子串.swift in Sources */,
				2B9E375628471649008BC3F8 /* _572_另一棵树的子树.swift in Sources */,
				2B9E3771284D9B67008BC3F8 /* _151_颠倒字符串中的单词.swift in Sources */,
				2BDD7DE0283C83AF0045825E /* _75_颜色分类.swift in Sources */,
				2BF730E52834D9C500DB9082 /* 131_分割回文串.swift in Sources */,
				2B3EEEE528465A7A007CDF9B /* _剑指_Offer_II_079_所有子集.swift in Sources */,
				55CA03C82851C49C000B53AB /* _1109_航班预订统计.swift in Sources */,
				2B9E3776284DD907008BC3F8 /* _剑指Offer_47_礼物的最大价值.swift in Sources */,
				2B3EEEE728465A9E007CDF9B /* _503_下一个更大元素2.swift in Sources */,
				2BDD7DE4283CB9C80045825E /* _88_合并两个有序数组.swift in Sources */,
				55CA03C02851C49C000B53AB /* _55_跳跃游戏.swift in Sources */,
				2B3EEEF028465B75007CDF9B /* _102_二叉树的层序遍历.swift in Sources */,
				55CA03C32851C49C000B53AB /* _1094_拼车.swift in Sources */,
				55ED294B2862B89D005A5E99 /* 71_简化路径.swift in Sources */,
				5567A62828880632008C2283 /* _25_K个一组翻转链表.swift in Sources */,
				55ED294F2862FE3F005A5E99 /* _22_括号生成.swift in Sources */,
				55CA03D12851C49C000B53AB /* _283_移动零.swift in Sources */,
				55E0ADEF287D0A4F002F9D9E /* _395_至少有K个重复字符的最长子串.swift in Sources */,
				55ED294D2862CEE9005A5E99 /* 543_二叉树的直径.swift in Sources */,
				2B3EEEF228465BBF007CDF9B /* _234_回文链表.swift in Sources */,
				55CA03C12851C49C000B53AB /* _309_最佳买卖股票时机含冷冻期.swift in Sources */,
				2B3EEEEA28465ACB007CDF9B /* _496_下一个更大元素.swift in Sources */,
				2B9E3778284DE185008BC3F8 /* _剑指Offer_II_099_最小路径之和.swift in Sources */,
				2BDD7E35283CCB700045825E /* _203_移除链表元素.swift in Sources */,
				55D2410728583A47005310F4 /* _113_路径总和2.swift in Sources */,
				55CA03C42851C49C000B53AB /* _139_单词拆分.swift in Sources */,
			);
			runOnlyForDeploymentPostprocessing = 0;
		};
/* End PBXSourcesBuildPhase section */

/* Begin XCBuildConfiguration section */
		2B3EEF0128465C9F007CDF9B /* Debug */ = {
			isa = XCBuildConfiguration;
			buildSettings = {
				CODE_SIGN_STYLE = Automatic;
				CURRENT_PROJECT_VERSION = 1;
				GENERATE_INFOPLIST_FILE = YES;
				MARKETING_VERSION = 1.0;
				PRODUCT_BUNDLE_IDENTIFIER = com.ruisha.www.TestDemo;
				PRODUCT_NAME = "$(TARGET_NAME)";
				SWIFT_EMIT_LOC_STRINGS = NO;
				SWIFT_VERSION = 5.0;
			};
			name = Debug;
		};
		2B3EEF0228465C9F007CDF9B /* Release */ = {
			isa = XCBuildConfiguration;
			buildSettings = {
				CODE_SIGN_STYLE = Automatic;
				CURRENT_PROJECT_VERSION = 1;
				GENERATE_INFOPLIST_FILE = YES;
				MARKETING_VERSION = 1.0;
				PRODUCT_BUNDLE_IDENTIFIER = com.ruisha.www.TestDemo;
				PRODUCT_NAME = "$(TARGET_NAME)";
				SWIFT_EMIT_LOC_STRINGS = NO;
				SWIFT_VERSION = 5.0;
			};
			name = Release;
		};
		2BF730DF2834D99600DB9082 /* Debug */ = {
			isa = XCBuildConfiguration;
			buildSettings = {
				ALWAYS_SEARCH_USER_PATHS = NO;
				CLANG_ANALYZER_NONNULL = YES;
				CLANG_ANALYZER_NUMBER_OBJECT_CONVERSION = YES_AGGRESSIVE;
				CLANG_CXX_LANGUAGE_STANDARD = "gnu++17";
				CLANG_CXX_LIBRARY = "libc++";
				CLANG_ENABLE_MODULES = YES;
				CLANG_ENABLE_OBJC_ARC = YES;
				CLANG_ENABLE_OBJC_WEAK = YES;
				CLANG_WARN_BLOCK_CAPTURE_AUTORELEASING = YES;
				CLANG_WARN_BOOL_CONVERSION = YES;
				CLANG_WARN_COMMA = YES;
				CLANG_WARN_CONSTANT_CONVERSION = YES;
				CLANG_WARN_DEPRECATED_OBJC_IMPLEMENTATIONS = YES;
				CLANG_WARN_DIRECT_OBJC_ISA_USAGE = YES_ERROR;
				CLANG_WARN_DOCUMENTATION_COMMENTS = YES;
				CLANG_WARN_EMPTY_BODY = YES;
				CLANG_WARN_ENUM_CONVERSION = YES;
				CLANG_WARN_INFINITE_RECURSION = YES;
				CLANG_WARN_INT_CONVERSION = YES;
				CLANG_WARN_NON_LITERAL_NULL_CONVERSION = YES;
				CLANG_WARN_OBJC_IMPLICIT_RETAIN_SELF = YES;
				CLANG_WARN_OBJC_LITERAL_CONVERSION = YES;
				CLANG_WARN_OBJC_ROOT_CLASS = YES_ERROR;
				CLANG_WARN_QUOTED_INCLUDE_IN_FRAMEWORK_HEADER = YES;
				CLANG_WARN_RANGE_LOOP_ANALYSIS = YES;
				CLANG_WARN_STRICT_PROTOTYPES = YES;
				CLANG_WARN_SUSPICIOUS_MOVE = YES;
				CLANG_WARN_UNGUARDED_AVAILABILITY = YES_AGGRESSIVE;
				CLANG_WARN_UNREACHABLE_CODE = YES;
				CLANG_WARN__DUPLICATE_METHOD_MATCH = YES;
				COPY_PHASE_STRIP = NO;
				DEBUG_INFORMATION_FORMAT = dwarf;
				ENABLE_STRICT_OBJC_MSGSEND = YES;
				ENABLE_TESTABILITY = YES;
				GCC_C_LANGUAGE_STANDARD = gnu11;
				GCC_DYNAMIC_NO_PIC = NO;
				GCC_NO_COMMON_BLOCKS = YES;
				GCC_OPTIMIZATION_LEVEL = 0;
				GCC_PREPROCESSOR_DEFINITIONS = (
					"DEBUG=1",
					"$(inherited)",
				);
				GCC_WARN_64_TO_32_BIT_CONVERSION = YES;
				GCC_WARN_ABOUT_RETURN_TYPE = YES_ERROR;
				GCC_WARN_UNDECLARED_SELECTOR = YES;
				GCC_WARN_UNINITIALIZED_AUTOS = YES_AGGRESSIVE;
				GCC_WARN_UNUSED_FUNCTION = YES;
				GCC_WARN_UNUSED_VARIABLE = YES;
				MACOSX_DEPLOYMENT_TARGET = 11.3;
				MTL_ENABLE_DEBUG_INFO = INCLUDE_SOURCE;
				MTL_FAST_MATH = YES;
				ONLY_ACTIVE_ARCH = YES;
				SDKROOT = macosx;
				SWIFT_ACTIVE_COMPILATION_CONDITIONS = DEBUG;
				SWIFT_OPTIMIZATION_LEVEL = "-Onone";
			};
			name = Debug;
		};
		2BF730E02834D99600DB9082 /* Release */ = {
			isa = XCBuildConfiguration;
			buildSettings = {
				ALWAYS_SEARCH_USER_PATHS = NO;
				CLANG_ANALYZER_NONNULL = YES;
				CLANG_ANALYZER_NUMBER_OBJECT_CONVERSION = YES_AGGRESSIVE;
				CLANG_CXX_LANGUAGE_STANDARD = "gnu++17";
				CLANG_CXX_LIBRARY = "libc++";
				CLANG_ENABLE_MODULES = YES;
				CLANG_ENABLE_OBJC_ARC = YES;
				CLANG_ENABLE_OBJC_WEAK = YES;
				CLANG_WARN_BLOCK_CAPTURE_AUTORELEASING = YES;
				CLANG_WARN_BOOL_CONVERSION = YES;
				CLANG_WARN_COMMA = YES;
				CLANG_WARN_CONSTANT_CONVERSION = YES;
				CLANG_WARN_DEPRECATED_OBJC_IMPLEMENTATIONS = YES;
				CLANG_WARN_DIRECT_OBJC_ISA_USAGE = YES_ERROR;
				CLANG_WARN_DOCUMENTATION_COMMENTS = YES;
				CLANG_WARN_EMPTY_BODY = YES;
				CLANG_WARN_ENUM_CONVERSION = YES;
				CLANG_WARN_INFINITE_RECURSION = YES;
				CLANG_WARN_INT_CONVERSION = YES;
				CLANG_WARN_NON_LITERAL_NULL_CONVERSION = YES;
				CLANG_WARN_OBJC_IMPLICIT_RETAIN_SELF = YES;
				CLANG_WARN_OBJC_LITERAL_CONVERSION = YES;
				CLANG_WARN_OBJC_ROOT_CLASS = YES_ERROR;
				CLANG_WARN_QUOTED_INCLUDE_IN_FRAMEWORK_HEADER = YES;
				CLANG_WARN_RANGE_LOOP_ANALYSIS = YES;
				CLANG_WARN_STRICT_PROTOTYPES = YES;
				CLANG_WARN_SUSPICIOUS_MOVE = YES;
				CLANG_WARN_UNGUARDED_AVAILABILITY = YES_AGGRESSIVE;
				CLANG_WARN_UNREACHABLE_CODE = YES;
				CLANG_WARN__DUPLICATE_METHOD_MATCH = YES;
				COPY_PHASE_STRIP = NO;
				DEBUG_INFORMATION_FORMAT = "dwarf-with-dsym";
				ENABLE_NS_ASSERTIONS = NO;
				ENABLE_STRICT_OBJC_MSGSEND = YES;
				GCC_C_LANGUAGE_STANDARD = gnu11;
				GCC_NO_COMMON_BLOCKS = YES;
				GCC_WARN_64_TO_32_BIT_CONVERSION = YES;
				GCC_WARN_ABOUT_RETURN_TYPE = YES_ERROR;
				GCC_WARN_UNDECLARED_SELECTOR = YES;
				GCC_WARN_UNINITIALIZED_AUTOS = YES_AGGRESSIVE;
				GCC_WARN_UNUSED_FUNCTION = YES;
				GCC_WARN_UNUSED_VARIABLE = YES;
				MACOSX_DEPLOYMENT_TARGET = 11.3;
				MTL_ENABLE_DEBUG_INFO = NO;
				MTL_FAST_MATH = YES;
				SDKROOT = macosx;
				SWIFT_COMPILATION_MODE = wholemodule;
				SWIFT_OPTIMIZATION_LEVEL = "-O";
			};
			name = Release;
		};
		2BF730E22834D99600DB9082 /* Debug */ = {
			isa = XCBuildConfiguration;
			buildSettings = {
				CODE_SIGN_STYLE = Automatic;
				PRODUCT_NAME = "$(TARGET_NAME)";
				SWIFT_VERSION = 5.0;
			};
			name = Debug;
		};
		2BF730E32834D99600DB9082 /* Release */ = {
			isa = XCBuildConfiguration;
			buildSettings = {
				CODE_SIGN_STYLE = Automatic;
				PRODUCT_NAME = "$(TARGET_NAME)";
				SWIFT_VERSION = 5.0;
			};
			name = Release;
		};
/* End XCBuildConfiguration section */

/* Begin XCConfigurationList section */
		2B3EEF0028465C9F007CDF9B /* Build configuration list for PBXNativeTarget "TestDemo" */ = {
			isa = XCConfigurationList;
			buildConfigurations = (
				2B3EEF0128465C9F007CDF9B /* Debug */,
				2B3EEF0228465C9F007CDF9B /* Release */,
			);
			defaultConfigurationIsVisible = 0;
			defaultConfigurationName = Release;
		};
		2BF730D52834D99600DB9082 /* Build configuration list for PBXProject "算法练习" */ = {
			isa = XCConfigurationList;
			buildConfigurations = (
				2BF730DF2834D99600DB9082 /* Debug */,
				2BF730E02834D99600DB9082 /* Release */,
			);
			defaultConfigurationIsVisible = 0;
			defaultConfigurationName = Release;
		};
		2BF730E12834D99600DB9082 /* Build configuration list for PBXNativeTarget "算法练习" */ = {
			isa = XCConfigurationList;
			buildConfigurations = (
				2BF730E22834D99600DB9082 /* Debug */,
				2BF730E32834D99600DB9082 /* Release */,
			);
			defaultConfigurationIsVisible = 0;
			defaultConfigurationName = Release;
		};
/* End XCConfigurationList section */
	};
	rootObject = 2BF730D22834D99600DB9082 /* Project object */;
}
